
Microsoft Visual Studio Solution File, Format Version 12.00
# Visual Studio Version 17
VisualStudioVersion = 17.3.32819.101
MinimumVisualStudioVersion = 10.0.40219.1
Project("{FAE04EC0-301F-11D3-BF4B-00C04F79EFBC}") = "ShopStructure", "Warehouse\ShopStructure.csproj", "{8CB4F21C-4731-426A-822A-B8D421A5EC39}"
EndProject
Project("{FAE04EC0-301F-11D3-BF4B-00C04F79EFBC}") = "Main", "Main\Main.csproj", "{75F9D72E-4D05-44DC-9385-208273B083D7}"
EndProject
Global
	GlobalSection(SolutionConfigurationPlatforms) = preSolution
		Debug|Any CPU = Debug|Any CPU
		Release|Any CPU = Release|Any CPU
	EndGlobalSection
	GlobalSection(ProjectConfigurationPlatforms) = postSolution
		{8CB4F21C-4731-426A-822A-B8D421A5EC39}.Debug|Any CPU.ActiveCfg = Debug|Any CPU
		{8CB4F21C-4731-426A-822A-B8D421A5EC39}.Debug|Any CPU.Build.0 = Debug|Any CPU
		{8CB4F21C-4731-426A-822A-B8D421A5EC39}.Release|Any CPU.ActiveCfg = Release|Any CPU
		{8CB4F21C-4731-426A-822A-B8D421A5EC39}.Release|Any CPU.Build.0 = Release|Any CPU
		{75F9D72E-4D05-44DC-9385-208273B083D7}.Debug|Any CPU.ActiveCfg = Debug|Any CPU
		{75F9D72E-4D05-44DC-9385-208273B083D7}.Debug|Any CPU.Build.0 = Debug|Any CPU
		{75F9D72E-4D05-44DC-9385-208273B083D7}.Release|Any CPU.ActiveCfg = Release|Any CPU
		{75F9D72E-4D05-44DC-9385-208273B083D7}.Release|Any CPU.Build.0 = Release|Any CPU
	EndGlobalSection
	GlobalSection(SolutionProperties) = preSolution
		HideSolutionNode = FALSE
	EndGlobalSection
	GlobalSection(ExtensibilityGlobals) = postSolution
		SolutionGuid = {C6403951-853C-4DFE-8C5E-FDFE6EB28551}
	EndGlobalSection
EndGlobal
